
Microsoft Visual Studio Solution File, Format Version 12.00
# Visual Studio Version 17
VisualStudioVersion = 17.3.32901.215
MinimumVisualStudioVersion = 10.0.40219.1
Project("{8BC9CEB8-8B4A-11D0-8D11-00A0C91BC942}") = "diferença-maior-para-menor", "diferença-maior-para-menor.vcxproj", "{CC5C10B1-5591-4306-87B6-CD2F226D892B}"
EndProject
Global
	GlobalSection(SolutionConfigurationPlatforms) = preSolution
		Debug|x64 = Debug|x64
		Debug|x86 = Debug|x86
		Release|x64 = Release|x64
		Release|x86 = Release|x86
	EndGlobalSection
	GlobalSection(ProjectConfigurationPlatforms) = postSolution
		{CC5C10B1-5591-4306-87B6-CD2F226D892B}.Debug|x64.ActiveCfg = Debug|x64
		{CC5C10B1-5591-4306-87B6-CD2F226D892B}.Debug|x64.Build.0 = Debug|x64
		{CC5C10B1-5591-4306-87B6-CD2F226D892B}.Debug|x86.ActiveCfg = Debug|Win32
		{CC5C10B1-5591-4306-87B6-CD2F226D892B}.Debug|x86.Build.0 = Debug|Win32
		{CC5C10B1-5591-4306-87B6-CD2F226D892B}.Release|x64.ActiveCfg = Release|x64
		{CC5C10B1-5591-4306-87B6-CD2F226D892B}.Release|x64.Build.0 = Release|x64
		{CC5C10B1-5591-4306-87B6-CD2F226D892B}.Release|x86.ActiveCfg = Release|Win32
		{CC5C10B1-5591-4306-87B6-CD2F226D892B}.Release|x86.Build.0 = Release|Win32
	EndGlobalSection
	GlobalSection(SolutionProperties) = preSolution
		HideSolutionNode = FALSE
	EndGlobalSection
	GlobalSection(ExtensibilityGlobals) = postSolution
		SolutionGuid = {D2B33982-3AC4-4EA6-9D60-CAA70654C63D}
	EndGlobalSection
EndGlobal
